
Microsoft Visual Studio Solution File, Format Version 12.00
# Visual Studio Version 16
VisualStudioVersion = 16.0.28803.156
MinimumVisualStudioVersion = 10.0.40219.1
Project("{FAE04EC0-301F-11D3-BF4B-00C04F79EFBC}") = "BitPay", "BitPay\BitPay.csproj", "{D88A49C3-0280-4320-B120-AE519B2DB219}"
EndProject
Project("{FAE04EC0-301F-11D3-BF4B-00C04F79EFBC}") = "BitPayXUnitTest", "BitPayXUnitTest\BitPayXUnitTest.csproj", "{2FCA393C-BD09-4740-ADB5-C4293C9F823D}"
EndProject
Project("{FAE04EC0-301F-11D3-BF4B-00C04F79EFBC}") = "BitPayUnitTest", "BitPayUnitTest\BitPayUnitTest.csproj", "{71166BF5-DA31-4BFD-90E6-16172E894EAA}"
EndProject
Project("{FAE04EC0-301F-11D3-BF4B-00C04F79EFBC}") = "BitPaySetup", "BitPaySetup\BitPaySetup.csproj", "{70047B2C-381E-458B-B76C-940120AE0E08}"
EndProject
Global
	GlobalSection(SolutionConfigurationPlatforms) = preSolution
		Debug|Any CPU = Debug|Any CPU
		Release|Any CPU = Release|Any CPU
	EndGlobalSection
	GlobalSection(ProjectConfigurationPlatforms) = postSolution
		{D88A49C3-0280-4320-B120-AE519B2DB219}.Debug|Any CPU.ActiveCfg = Debug|Any CPU
		{D88A49C3-0280-4320-B120-AE519B2DB219}.Debug|Any CPU.Build.0 = Debug|Any CPU
		{D88A49C3-0280-4320-B120-AE519B2DB219}.Release|Any CPU.ActiveCfg = Release|Any CPU
		{2FCA393C-BD09-4740-ADB5-C4293C9F823D}.Debug|Any CPU.ActiveCfg = Debug|Any CPU
		{2FCA393C-BD09-4740-ADB5-C4293C9F823D}.Debug|Any CPU.Build.0 = Debug|Any CPU
		{2FCA393C-BD09-4740-ADB5-C4293C9F823D}.Release|Any CPU.ActiveCfg = Release|Any CPU
		{71166BF5-DA31-4BFD-90E6-16172E894EAA}.Debug|Any CPU.ActiveCfg = Debug|Any CPU
		{71166BF5-DA31-4BFD-90E6-16172E894EAA}.Debug|Any CPU.Build.0 = Debug|Any CPU
		{71166BF5-DA31-4BFD-90E6-16172E894EAA}.Release|Any CPU.ActiveCfg = Release|Any CPU
		{70047B2C-381E-458B-B76C-940120AE0E08}.Debug|Any CPU.ActiveCfg = Debug|Any CPU
		{70047B2C-381E-458B-B76C-940120AE0E08}.Debug|Any CPU.Build.0 = Debug|Any CPU
		{70047B2C-381E-458B-B76C-940120AE0E08}.Release|Any CPU.ActiveCfg = Release|Any CPU
		{70047B2C-381E-458B-B76C-940120AE0E08}.Release|Any CPU.Build.0 = Release|Any CPU
	EndGlobalSection
	GlobalSection(SolutionProperties) = preSolution
		HideSolutionNode = FALSE
	EndGlobalSection
	GlobalSection(ExtensibilityGlobals) = postSolution
		SolutionGuid = {F7298A5F-4956-42F6-B30B-2E3FE3D0B31E}
	EndGlobalSection
EndGlobal
